port React from "react";
import { GlobalState } from ".";
import detectNearestBrowserLocale from "detect-nearest-browser-locale";

const enUSBindings = {
  fmtDaysLeft: (days: string) => (
    <>
      Plus expires in <b>{days}</b> days
    </>
  ),
  fmtDaysLeftShort: (days: string) => (
    <>
      <b>{days}</b> days left
    </>
  ),
  you: "شما",
  announcements: "اخبار",
  accinfo: "اطلاعات ورود",
  account: "حساب",
  advanced: "پیشرفته",
  amount: "Amount",
  listenall: "در همه رابط ها گوش دهید",
  listenallblurb: "اشتراک گذاری گف با دیگر کامپیوتر ها در همان شبکه",
  autoconn: "اتصال خودکار",
  autoconnblurb: "متصل شدن زمانی که گف شروع به کار می کند",
  autoproxy: "Auto-configure proxy",
  autoproxyblurb: "May not work outside major browsers",
  cancel: "Cancel",
  captcha: "CAPTCHA",
  connect: "Connect",
  disconnect: "Disconnect",
  connected: "Connected",
  details: "پیشرفته",
  connectedblurb: "Enjoy an open Internet!",
  connecting: "Connecting",
  feedback: "Debug pack",
  feedbackblurb: "Use the debug pack to report problems with Geph.",
  loggingin: "Logging in...",
  geph: "Geph",
  core: "Highsec",
  clipboard: "Logs copied to clipboard",
  date: "تاریخ",
  disconnected: "Disconnected",
  downstream: "Downstream",
  err403: "You're not allowed on this exit. An upgrade may be needed.",
  errBadCaptcha: "CAPTCHA wrong",
  errBadCred: "Incorrect username or password. Please try again.",
  errExists: "User already exists",
  exitserver: "Exit location:",
  expiry: "Expiration date",
  extend: "Extend",
  freelimit: "Free account limit",
  general: "عمومی",
  http: "HTTP پروکسی",
  debuglogs: "Debug logs",
  langname: "English",
  language: "زبان",
  locations: "Locations",
  errBadNet: "Network failed",
  loginblurb: "Log in with existing account",
  logout: "Log out",
  logs: "Logs",
  netactivity: "Network activity",
  network: "Network",
  nomoretx: "No more transactions",
  choose: "Choose",
  overview: "Overview",
  plusonly: "Plus only",
  password: "Password",
  passwordConfirm: "Confirm password",
  syncing: "Syncing network info...",
  plusblurb: (
    <>
      Unlimited speed for <b>&euro;5/month</b>
    </>
  ),
  pwdmismatch: "Passwords do not match",
  registerblurb: "ساخت حساب جدید",
  show: "نمایش",
  hide: "Hide",
  feedbackbutton: "Export debug pack",
  restartblurb: "Restart Geph to apply language",
  seePlans: "دیدن پلن ها",
  selectExit: "تغییر مکان",
  settings: "تنظیما",
  manage: "مدیریت",
  socks5: "SOCKS5 پروکسی",
  subscription: "Subscription",
  txlog: "Past transactions",
  subinfoblurb: "Connect to Geph to manage subscription",
  unameillegal: "Username must be 5 to 100 alphanumeric characters",
  unlockUnlimitedSpeed: "Get unlimited speed",
  updateDownload: "دانلود",
  updateInfo: "نسخه جدید موجوده!",
  updateLater: "Remind me later",
  upgradeToPlus: "ارتقا به پلاس",
  version: "نسخه",
  upgrade: "خرید پلاس !",
  cannotVpnBlurb: "VPN mode on Windows requires starting Geph as administrator",
  forcebridges: "Always use bridges",
  export: "Export",
  upstream: "Upstream",
  macpacblurb:
    "Geph requires your password to set proxy settings the first time it is started.",
  username: "نام کاربری",
  coreblurb: (
    <span>
      <b>Highsec</b> exits are located in the safest jurisdictions
    </span>
  ),
  plus: "پلاس",
  paid: "پلاس",
  free: "رایگان",
  tcp: "TCP استفاده از حالت",
  bridgeblurb: "استفاده از ضد سانسور قدرتمند با صرف نظر از مکان ",
  vpn: "Use global VPN",
  vpnblurb: "Not available on macOS",
  excludeapps: "Exclude apps",
  excludeappsblurb: "Let apps bypass Geph",
  excludecn: "Exclude Chinese traffic",
  excludecnblurb: "Does not apply to VPN traffic",

  status: "Status",

  selectExcludedApps: "Select excluded apps",

  countries: {
    bg: "بلغارستان",
    ch: "سوییس",
    ca: "کانادا",
    jp: "ژاپن",
    sg: "سنگاپور",
    pl: "لهستان",
    us: "آمریکا",
    de: "آلمان",
    hk: "هنگ کنگ",
    fi: "فنلاند",
    tw: "تایوان",
    nl: "هلند",
  } as Record<string, string>,

  cities: {
    dal: "دالاس",
    ewr: "نیوارک",
    zrh: "زوریخ",
    gva: "ژنو",
    mtl: "مونترال",
    sfo: "سان فرانسیسکو",
    pdx: "پرتلند",
    sgp: "سنگاپور",
    sof: "صوفیه",
    waw: "ورشو",
    tpe: "تایپه",
    rmq: "تایچونگ",
    ams: "آمستردام",
    fra: "فرانکفورت",
    hel: "هلینسکی",
    tyo: "توکیو",
    hkgnt: "محدوده های جدید",
  } as Record<string, string>,

  usage: "Usage",
  latency: "Latency",
  packetLossEstimation: "Packet loss estimation",
};

const zhCNBindings = {
  fmtDaysLeft: (days: string) => (
