port React from "react";
import { GlobalState } from ".";
import detectNearestBrowserLocale from "detect-nearest-browser-locale";

const enUSBindings = {
  fmtDaysLeft: (days: string) => (
    <>
      Plus expires in <b>{days}</b> days
    </>
  ),
  fmtDaysLeftShort: (days: string) => (
    <>
      <b>{days}</b> days left
    </>
  ),
  you: "شما",
  announcements: "اخبار",
  accinfo: "اطلاعات ورود",
  account: "حساب",
  advanced: "پیشرفته",
  amount: "Amount",
  listenall: "Listen on all interfaces",
  listenallblurb: "Shares Geph with other computers on the same network",
  autoconn: "Auto-connect",
  autoconnblurb: "Connect when the Geph app starts",
  autoproxy: "Auto-configure proxy",
  autoproxyblurb: "May not work outside major browsers",
  cancel: "Cancel",
  captcha: "CAPTCHA",
  connect: "Connect",
  disconnect: "Disconnect",
  connected: "Connected",
  details: "Advanced",
  connectedblurb: "Enjoy an open Internet!",
  connecting: "Connecting",
  feedback: "Debug pack",
  feedbackblurb: "Use the debug pack to report problems with Geph.",
  loggingin: "Logging in...",
  geph: "Geph",
  core: "Highsec",
  clipboard: "Logs copied to clipboard",
  date: "Date",
  disconnected: "Disconnected",
  downstream: "Downstream",
  err403: "You're not allowed on this exit. An upgrade may be needed.",
  errBadCaptcha: "CAPTCHA wrong",
  errBadCred: "Incorrect username or password. Please try again.",
  errExists: "User already exists",
  exitserver: "Exit location:",
  expiry: "Expiration date",
  extend: "Extend",
  freelimit: "Free account limit",
  general: "General",
  http: "HTTP proxy",
  debuglogs: "Debug logs",
  langname: "English",
  language: "Language",
  locations: "Locations",
  errBadNet: "Network failed",
  loginblurb: "Log in with existing account",
  logout: "Log out",
  logs: "Logs",
  netactivity: "Network activity",
  network: "Network",
  nomoretx: "No more transactions",
  choose: "Choose",
  overview: "Overview",
  plusonly: "Plus only",
  password: "Password",
  passwordConfirm: "Confirm password",
  syncing: "Syncing network info...",
  plusblurb: (
    <>
      Unlimited speed for <b>&euro;5/month</b>
    </>
  ),
  pwdmismatch: "Passwords do not match",
  registerblurb: "Create a new account",
  show: "Show",
  hide: "Hide",
  feedbackbutton: "Export debug pack",
  restartblurb: "Restart Geph to apply language",
  seePlans: "See plans",
  selectExit: "Change location",
  settings: "Settings",
  manage: "Manage",
  socks5: "SOCKS5 proxy",
  subscription: "Subscription",
  txlog: "Past transactions",
  subinfoblurb: "Connect to Geph to manage subscription",
  unameillegal: "Username must be 5 to 100 alphanumeric characters",
  unlockUnlimitedSpeed: "Get unlimited speed",
  updateDownload: "Download",
  updateInfo: "A new version is available!",
  updateLater: "Remind me later",
  upgradeToPlus: "Upgrade to Plus",
  version: "Version",
  upgrade: "Buy Plus!",
  cannotVpnBlurb: "VPN mode on Windows requires starting Geph as administrator",
  forcebridges: "Always use bridges",
  export: "Export",
  upstream: "Upstream",
  macpacblurb:
    "Geph requires your password to set proxy settings the first time it is started.",
  username: "Username",
  coreblurb: (
    <span>
      <b>Highsec</b> exits are located in the safest jurisdictions
    </span>
  ),
  plus: "Plus",
  paid: "Plus",
  free: "Free",
  tcp: "Use TCP mode",
  bridgeblurb: "Use strong anti-censorship regardless of location",
  vpn: "Use global VPN",
  vpnblurb: "Not available on macOS",
  excludeapps: "Exclude apps",
  excludeappsblurb: "Let apps bypass Geph",
  excludecn: "Exclude Chinese traffic",
  excludecnblurb: "Does not apply to VPN traffic",

  status: "Status",

  selectExcludedApps: "Select excluded apps",

  countries: {
    bg: "Bulgaria",
    ch: "Switzerland",
    ca: "Canada",
    jp: "Japan",
    sg: "Singapore",
    pl: "Poland",
    us: "United States",
    de: "Germany",
    hk: "Hong Kong",
    fi: "Finland",
    tw: "Taiwan",
    nl: "Netherlands",
  } as Record<string, string>,

  cities: {
    dal: "Dallas",
    ewr: "Newark",
    zrh: "Zurich",
    gva: "Geneva",
    mtl: "Montreal",
    sfo: "San Francisco",
    pdx: "Portland",
    sgp: "Singapore",
    sof: "Sofia",
    waw: "Warsaw",
    tpe: "Taipei",
    rmq: "Taichung",
    ams: "Amsterdam",
    fra: "Frankfurt",
    hel: "Helsinki",
    tyo: "Tokyo",
    hkgnt: "New Territories",
  } as Record<string, string>,

  usage: "Usage",
  latency: "Latency",
  packetLossEstimation: "Packet loss estimation",
};

const zhCNBindings = {
  fmtDaysLeft: (days: string) => (
